
Microsoft Visual Studio Solution File, Format Version 12.00
# Visual Studio Version 17
VisualStudioVersion = 17.5.002.0
MinimumVisualStudioVersion = 10.0.40219.1
Project("{9A19103F-16F7-4668-BE54-9A1E7A4F7556}") = "CSharpGUI", "CSharpGUI.csproj", "{C5E9E601-49CF-43B6-8AD0-47FA26267E78}"
EndProject
Global
	GlobalSection(SolutionConfigurationPlatforms) = preSolution
		Debug|Any CPU = Debug|Any CPU
		Release|Any CPU = Release|Any CPU
	EndGlobalSection
	GlobalSection(ProjectConfigurationPlatforms) = postSolution
		{C5E9E601-49CF-43B6-8AD0-47FA26267E78}.Debug|Any CPU.ActiveCfg = Debug|Any CPU
		{C5E9E601-49CF-43B6-8AD0-47FA26267E78}.Debug|Any CPU.Build.0 = Debug|Any CPU
		{C5E9E601-49CF-43B6-8AD0-47FA26267E78}.Release|Any CPU.ActiveCfg = Release|Any CPU
		{C5E9E601-49CF-43B6-8AD0-47FA26267E78}.Release|Any CPU.Build.0 = Release|Any CPU
	EndGlobalSection
	GlobalSection(SolutionProperties) = preSolution
		HideSolutionNode = FALSE
	EndGlobalSection
	GlobalSection(ExtensibilityGlobals) = postSolution
		SolutionGuid = {7AD51045-58C7-4989-BE27-136A4F558BB1}
	EndGlobalSection
EndGlobal
